// !$*UTF8*$!
{
	archiveVersion = 1;
	classes = {
	};
	objectVersion = 50;
	objects = {

/* Begin PBXBuildFile section */
		079A19A224F5806B007DF984 /* AppDelegate.swift in Sources */ = {isa = PBXBuildFile; fileRef = 079A19A124F5806B007DF984 /* AppDelegate.swift */; };
		079A19A424F5806B007DF984 /* SceneDelegate.swift in Sources */ = {isa = PBXBuildFile; fileRef = 079A19A324F5806B007DF984 /* SceneDelegate.swift */; };
		079A19A624F5806B007DF984 /* ViewController.swift in Sources */ = {isa = PBXBuildFile; fileRef = 079A19A524F5806B007DF984 /* ViewController.swift */; };
		079A19A924F5806B007DF984 /* Main.storyboard in Resources */ = {isa = PBXBuildFile; fileRef = 079A19A724F5806B007DF984 /* Main.storyboard */; };
		079A19AC24F5806B007DF984 /* HWMeter.xcdatamodeld in Sources */ = {isa = PBXBuildFile; fileRef = 079A19AA24F5806B007DF984 /* HWMeter.xcdatamodeld */; };
		079A19AE24F5806D007DF984 /* Assets.xcassets in Resources */ = {isa = PBXBuildFile; fileRef = 079A19AD24F5806D007DF984 /* Assets.xcassets */; };
		079A19B124F5806D007DF984 /* LaunchScreen.storyboard in Resources */ = {isa = PBXBuildFile; fileRef = 079A19AF24F5806D007DF984 /* LaunchScreen.storyboard */; };
/* End PBXBuildFile section */

/* Begin PBXFileReference section */
		079A199E24F5806B007DF984 /* HWMeter.app */ = {isa = PBXFileReference; explicitFileType = wrapper.application; includeInIndex = 0; path = HWMeter.app; sourceTree = BUILT_PRODUCTS_DIR; };
		079A19A124F5806B007DF984 /* AppDelegate.swift */ = {isa = PBXFileReference; lastKnownFileType = sourcecode.swift; path = AppDelegate.swift; sourceTree = "<group>"; };
		079A19A324F5806B007DF984 /* SceneDelegate.swift */ = {isa = PBXFileReference; lastKnownFileType = sourcecode.swift; path = SceneDelegate.swift; sourceTree = "<group>"; };
		079A19A524F5806B007DF984 /* ViewController.swift */ = {isa = PBXFileReference; lastKnownFileType = sourcecode.swift; path = ViewController.swift; sourceTree = "<group>"; };
		079A19A824F5806B007DF984 /* Base */ = {isa = PBXFileReference; lastKnownFileType = file.storyboard; name = Base; path = Base.lproj/Main.storyboard; sourceTree = "<group>"; };
		079A19AB24F5806B007DF984 /* HWMeter.xcdatamodel */ = {isa = PBXFileReference; lastKnownFileType = wrapper.xcdatamodel; path = HWMeter.xcdatamodel; sourceTree = "<group>"; };
		079A19AD24F5806D007DF984 /* Assets.xcassets */ = {isa = PBXFileReference; lastKnownFileType = folder.assetcatalog; path = Assets.xcassets; sourceTree = "<group>"; };
		079A19B024F5806D007DF984 /* Base */ = {isa = PBXFileReference; lastKnownFileType = file.storyboard; name = Base; path = Base.lproj/LaunchScreen.storyboard; sourceTree = "<group>"; };
		079A19B224F5806D007DF984 /* Info.plist */ = {isa = PBXFileReference; lastKnownFileType = text.plist.xml; path = Info.plist; sourceTree = "<group>"; };
/* End PBXFileReference section */

/* Begin PBXFrameworksBuildPhase section */
		079A199B24F5806B007DF984 /* Frameworks */ = {
			isa = PBXFrameworksBuildPhase;
			buildActionMask = 2147483647;
			files = (
			);
			runOnlyForDeploymentPostprocessing = 0;
		};
/* End PBXFrameworksBuildPhase section */

/* Begin PBXGroup section */
		079A199524F5806B007DF984 = {
			isa = PBXGroup;
			children = (
				079A19A024F5806B007DF984 /* HWMeter */,
				079A199F24F5806B007DF984 /* Products */,
			);
			sourceTree = "<group>";
		};
		079A199F24F5806B007DF984 /* Products */ = {
			isa = PBXGroup;
			children = (
				079A199E24F5806B007DF984 /* HWMeter.app */,
			);
			name = Products;
			sourceTree = "<group>";
		};
		079A19A024F5806B007DF984 /* HWMeter */ = {
			isa = PBXGroup;
			children = (
				079A19A124F5806B007DF984 /* AppDelegate.swift */,
				079A19A324F5806B007DF984 /* SceneDelegate.swift */,
				079A19A524F5806B007DF984 /* ViewController.swift */,
				079A19A724F5806B007DF984 /* Main.storyboard */,
				079A19AD24F5806D007DF984 /* Assets.xcassets */,
				079A19AF24F5806D007DF984 /* LaunchScreen.storyboard */,
				079A19B224F5806D007DF984 /* Info.plist */,
				079A19AA24F5806B007DF984 /* HWMeter.xcdatamodeld */,
			);
			path = HWMeter;
			sourceTree = "<group>";
		};
/* End PBXGroup section */

/* Begin PBXNativeTarget section */
		079A199D24F5806B007DF984 /* HWMeter */ = {
			isa = PBXNativeTarget;
			buildConfigurationList = 079A19B524F5806D007DF984 /* Build configuration list for PBXNativeTarget "HWMeter" */;
			buildPhases = (
				079A199A24F5806B007DF984 /* Sources */,
				079A199B24F5806B007DF984 /* Frameworks */,
				079A199C24F5806B007DF984 /* Resources */,
			);
			buildRules = (
			);
			dependencies = (
			);
			name = HWMeter;
			productName = HWMeter;
			productReference = 079A199E24F5806B007DF984 /* HWMeter.app */;
			productType = "com.apple.product-type.application";
		};
/* End PBXNativeTarget section */

/* Begin PBXProject section */
		079A199624F5806B007DF984 /* Project object */ = {
			isa = PBXProject;
			attributes = {
				LastSwiftUpdateCheck = 1160;
				LastUpgradeCheck = 1160;
				ORGANIZATIONNAME = "Duy Nguyen";
				TargetAttributes = {
					079A199D24F5806B007DF984 = {
						CreatedOnToolsVersion = 11.6;
					};
				};
			};
			buildConfigurationList = 079A199924F5806B007DF984 /* Build configuration list for PBXProject "HWMeter" */;
			compatibilityVersion = "Xcode 9.3";
			developmentRegion = en;
			hasScannedForEncodings = 0;
			knownRegions = (
				en,
				Base,
			);
			mainGroup = 079A199524F5806B007DF984;
			productRefGroup = 079A199F24F5806B007DF984 /* Products */;
			projectDirPath = "";
			projectRoot = "";
			targets = (
				079A199D24F5806B007DF984 /* HWMeter */,
			);
		};
/* End PBXProject section */

/* Begin PBXResourcesBuildPhase section */
		079A199C24F5806B007DF984 /* Resources */ = {
			isa = PBXResourcesBuildPhase;
			buildActionMask = 2147483647;
			files = (
				079A19B124F5806D007DF984 /* LaunchScreen.storyboard in Resources */,
				079A19AE24F5806D007DF984 /* Assets.xcassets in Resources */,
				079A19A924F5806B007DF984 /* Main.storyboard in Resources */,
			);
			runOnlyForDeploymentPostprocessing = 0;
		};
/* End PBXResourcesBuildPhase section */

/* Begin PBXSourcesBuildPhase section */
		079A199A24F5806B007DF984 /* Sources */ = {
			isa = PBXSourcesBuildPhase;
			buildActionMask = 2147483647;
			files = (
				079A19AC24F5806B007DF984 /* HWMeter.xcdatamodeld in Sources */,
				079A19A624F5806B007DF984 /* ViewController.swift in Sources */,
				079A19A224F5806B007DF984 /* AppDelegate.swift in Sources */,
				079A19A424F5806B007DF984 /* SceneDelegate.swift in Sources */,
			);
			runOnlyForDeploymentPostprocessing = 0;
		};
/* End PBXSourcesBuildPhase section */

/* Begin PBXVariantGroup section */
		079A19A724F5806B007DF984 /* Main.storyboard */ = {
			isa = PBXVariantGroup;
			children = (
				079A19A824F5806B007DF984 /* Base */,
			);
			name = Main.storyboard;
			sourceTree = "<group>";
		};
		079A19AF24F5806D007DF984 /* LaunchScreen.storyboard */ = {
			isa = PBXVariantGroup;
			children = (
				079A19B024F5806D007DF984 /* Base */,
			);
			name = LaunchScreen.storyboard;
			sourceTree = "<group>";
		};
/* End PBXVariantGroup section */

/* Begin XCBuildConfiguration section */
		079A19B324F5806D007DF984 /* Debug */ = {
			isa = XCBuildConfiguration;
			buildSettings = {
				ALWAYS_SEARCH_USER_PATHS = NO;
				CLANG_ANALYZER_NONNULL = YES;
				CLANG_ANALYZER_NUMBER_OBJECT_CONVERSION = YES_AGGRESSIVE;
				CLANG_CXX_LANGUAGE_STANDARD = "gnu++14";
				CLANG_CXX_LIBRARY = "libc++";
				CLANG_ENABLE_MODULES = YES;
				CLANG_ENABLE_OBJC_ARC = YES;
				CLANG_ENABLE_OBJC_WEAK = YES;
				CLANG_WARN_BLOCK_CAPTURE_AUTORELEASING = YES;
				CLANG_WARN_BOOL_CONVERSION = YES;
				CLANG_WARN_COMMA = YES;
				CLANG_WARN_CONSTANT_CONVERSION = YES;
				CLANG_WARN_DEPRECATED_OBJC_IMPLEMENTATIONS = YES;
				CLANG_WARN_DIRECT_OBJC_ISA_USAGE = YES_ERROR;
				CLANG_WARN_DOCUMENTATION_COMMENTS = YES;
				CLANG_WARN_EMPTY_BODY = YES;
				CLANG_WARN_ENUM_CONVERSION = YES;
				CLANG_WARN_INFINITE_RECURSION = YES;
				CLANG_WARN_INT_CONVERSION = YES;
				CLANG_WARN_NON_LITERAL_NULL_CONVERSION = YES;
				CLANG_WARN_OBJC_IMPLICIT_RETAIN_SELF = YES;
				CLANG_WARN_OBJC_LITERAL_CONVERSION = YES;
				CLANG_WARN_OBJC_ROOT_CLASS = YES_ERROR;
				CLANG_WARN_RANGE_LOOP_ANALYSIS = YES;
				CLANG_WARN_STRICT_PROTOTYPES = YES;
				CLANG_WARN_SUSPICIOUS_MOVE = YES;
				CLANG_WARN_UNGUARDED_AVAILABILITY = YES_AGGRESSIVE;
				CLANG_WARN_UNREACHABLE_CODE = YES;
				CLANG_WARN__DUPLICATE_METHOD_MATCH = YES;
				COPY_PHASE_STRIP = NO;
				DEBUG_INFORMATION_FORMAT = dwarf;
				ENABLE_STRICT_OBJC_MSGSEND = YES;
				ENABLE_TESTABILITY = YES;
				GCC_C_LANGUAGE_STANDARD = gnu11;
				GCC_DYNAMIC_NO_PIC = NO;
				GCC_NO_COMMON_BLOCKS = YES;
				GCC_OPTIMIZATION_LEVEL = 0;
				GCC_PREPROCESSOR_DEFINITIONS = (
					"DEBUG=1",
					"$(inherited)",
				);
				GCC_WARN_64_TO_32_BIT_CONVERSION = YES;
				GCC_WARN_ABOUT_RETURN_TYPE = YES_ERROR;
				GCC_WARN_UNDECLARED_SELECTOR = YES;
				GCC_WARN_UNINITIALIZED_AUTOS = YES_AGGRESSIVE;
				GCC_WARN_UNUSED_FUNCTION = YES;
				GCC_WARN_UNUSED_VARIABLE = YES;
				IPHONEOS_DEPLOYMENT_TARGET = 13.6;
				MTL_ENABLE_DEBUG_INFO = INCLUDE_SOURCE;
				MTL_FAST_MATH = YES;
				ONLY_ACTIVE_ARCH = YES;
				SDKROOT = iphoneos;
				SWIFT_ACTIVE_COMPILATION_CONDITIONS = DEBUG;
				SWIFT_OPTIMIZATION_LEVEL = "-Onone";
			};
			name = Debug;
		};
		079A19B424F5806D007DF984 /* Release */ = {
			isa = XCBuildConfiguration;
			buildSettings = {
				ALWAYS_SEARCH_USER_PATHS = NO;
				CLANG_ANALYZER_NONNULL = YES;
				CLANG_ANALYZER_NUMBER_OBJECT_CONVERSION = YES_AGGRESSIVE;
				CLANG_CXX_LANGUAGE_STANDARD = "gnu++14";
				CLANG_CXX_LIBRARY = "libc++";
				CLANG_ENABLE_MODULES = YES;
				CLANG_ENABLE_OBJC_ARC = YES;
				CLANG_ENABLE_OBJC_WEAK = YES;
				CLANG_WARN_BLOCK_CAPTURE_AUTORELEASING = YES;
				CLANG_WARN_BOOL_CONVERSION = YES;
				CLANG_WARN_COMMA = YES;
				CLANG_WARN_CONSTANT_CONVERSION = YES;
				CLANG_WARN_DEPRECATED_OBJC_IMPLEMENTATIONS = YES;
				CLANG_WARN_DIRECT_OBJC_ISA_USAGE = YES_ERROR;
				CLANG_WARN_DOCUMENTATION_COMMENTS = YES;
				CLANG_WARN_EMPTY_BODY = YES;
				CLANG_WARN_ENUM_CONVERSION = YES;
				CLANG_WARN_INFINITE_RECURSION = YES;
				CLANG_WARN_INT_CONVERSION = YES;
				CLANG_WARN_NON_LITERAL_NULL_CONVERSION = YES;
				CLANG_WARN_OBJC_IMPLICIT_RETAIN_SELF = YES;
				CLANG_WARN_OBJC_LITERAL_CONVERSION = YES;
				CLANG_WARN_OBJC_ROOT_CLASS = YES_ERROR;
				CLANG_WARN_RANGE_LOOP_ANALYSIS = YES;
				CLANG_WARN_STRICT_PROTOTYPES = YES;
				CLANG_WARN_SUSPICIOUS_MOVE = YES;
				CLANG_WARN_UNGUARDED_AVAILABILITY = YES_AGGRESSIVE;
				CLANG_WARN_UNREACHABLE_CODE = YES;
				CLANG_WARN__DUPLICATE_METHOD_MATCH = YES;
				COPY_PHASE_STRIP = NO;
				DEBUG_INFORMATION_FORMAT = "dwarf-with-dsym";
				ENABLE_NS_ASSERTIONS = NO;
				ENABLE_STRICT_OBJC_MSGSEND = YES;
				GCC_C_LANGUAGE_STANDARD = gnu11;
				GCC_NO_COMMON_BLOCKS = YES;
				GCC_WARN_64_TO_32_BIT_CONVERSION = YES;
				GCC_WARN_ABOUT_RETURN_TYPE = YES_ERROR;
				GCC_WARN_UNDECLARED_SELECTOR = YES;
				GCC_WARN_UNINITIALIZED_AUTOS = YES_AGGRESSIVE;
				GCC_WARN_UNUSED_FUNCTION = YES;
				GCC_WARN_UNUSED_VARIABLE = YES;
				IPHONEOS_DEPLOYMENT_TARGET = 13.6;
				MTL_ENABLE_DEBUG_INFO = NO;
				MTL_FAST_MATH = YES;
				SDKROOT = iphoneos;
				SWIFT_COMPILATION_MODE = wholemodule;
				SWIFT_OPTIMIZATION_LEVEL = "-O";
				VALIDATE_PRODUCT = YES;
			};
			name = Release;
		};
		079A19B624F5806D007DF984 /* Debug */ = {
			isa = XCBuildConfiguration;
			buildSettings = {
				ASSETCATALOG_COMPILER_APPICON_NAME = AppIcon;
				CODE_SIGN_STYLE = Automatic;
				DEVELOPMENT_TEAM = R2JCMXSQB9;
				INFOPLIST_FILE = HWMeter/Info.plist;
				LD_RUNPATH_SEARCH_PATHS = (
					"$(inherited)",
					"@executable_path/Frameworks",
				);
				PRODUCT_BUNDLE_IDENTIFIER = com.yuidn.HWMeter;
				PRODUCT_NAME = "$(TARGET_NAME)";
				SWIFT_VERSION = 5.0;
				TARGETED_DEVICE_FAMILY = "1,2";
			};
			name = Debug;
		};
		079A19B724F5806D007DF984 /* Release */ = {
			isa = XCBuildConfiguration;
			buildSettings = {
				ASSETCATALOG_COMPILER_APPICON_NAME = AppIcon;
				CODE_SIGN_STYLE = Automatic;
				DEVELOPMENT_TEAM = R2JCMXSQB9;
				INFOPLIST_FILE = HWMeter/Info.plist;
				LD_RUNPATH_SEARCH_PATHS = (
					"$(inherited)",
					"@executable_path/Frameworks",
				);
				PRODUCT_BUNDLE_IDENTIFIER = com.yuidn.HWMeter;
				PRODUCT_NAME = "$(TARGET_NAME)";
				SWIFT_VERSION = 5.0;
				TARGETED_DEVICE_FAMILY = "1,2";
			};
			name = Release;
		};
/* End XCBuildConfiguration section */

/* Begin XCConfigurationList section */
		079A199924F5806B007DF984 /* Build configuration list for PBXProject "HWMeter" */ = {
			isa = XCConfigurationList;
			buildConfigurations = (
				079A19B324F5806D007DF984 /* Debug */,
				079A19B424F5806D007DF984 /* Release */,
			);
			defaultConfigurationIsVisible = 0;
			defaultConfigurationName = Release;
		};
		079A19B524F5806D007DF984 /* Build configuration list for PBXNativeTarget "HWMeter" */ = {
			isa = XCConfigurationList;
			buildConfigurations = (
				079A19B624F5806D007DF984 /* Debug */,
				079A19B724F5806D007DF984 /* Release */,
			);
			defaultConfigurationIsVisible = 0;
			defaultConfigurationName = Release;
		};
/* End XCConfigurationList section */

/* Begin XCVersionGroup section */
		079A19AA24F5806B007DF984 /* HWMeter.xcdatamodeld */ = {
			isa = XCVersionGroup;
			children = (
				079A19AB24F5806B007DF984 /* HWMeter.xcdatamodel */,
			);
			currentVersion = 079A19AB24F5806B007DF984 /* HWMeter.xcdatamodel */;
			path = HWMeter.xcdatamodeld;
			sourceTree = "<group>";
			versionGroupType = wrapper.xcdatamodel;
		};
/* End XCVersionGroup section */
	};
	rootObject = 079A199624F5806B007DF984 /* Project object */;
}
